<?xml version="1.0" encoding="utf-8"?>
<Project ToolsVersion="4.0" xmlns="http://schemas.microsoft.com/developer/msbuild/2003">
  <ItemGroup>
    <Filter Include="Source Files">
      <UniqueIdentifier>{4FC737F1-C7A5-4376-A066-2A32D752A2FF}</UniqueIdentifier>
      <Extensions>cpp;c;cc;cxx;def;odl;idl;hpj;bat;asm;asmx</Extensions>
    </Filter>
    <Filter Include="Header Files">
      <UniqueIdentifier>{93995380-89BD-4b04-88EB-625FBE52EBFB}</UniqueIdentifier>
      <Extensions>h;hh;hpp;hxx;hm;inl;inc;xsd</Extensions>
    </Filter>
    <Filter Include="Resource Files">
      <UniqueIdentifier>{67DA6AB6-F800-4c08-8B7A-83BB121AAD01}</UniqueIdentifier>
      <Extensions>rc;ico;cur;bmp;dlg;rc2;rct;bin;rgs;gif;jpg;jpeg;jpe;resx;tiff;tif;png;wav;mfcribbon-ms</Extensions>
    </Filter>
  </ItemGroup>
  <ItemGroup>
    <ClInclude Include="stdafx.h">
      <Filter>Header Files</Filter>
    </ClInclude>
    <ClInclude Include="targetver.h">
      <Filter>Header Files</Filter>
    </ClInclude>
    <ClInclude Include="XmlAudioMarkup.h">
      <Filter>Header Files</Filter>
    </ClInclude>
    <ClInclude Include="PticaGovorunCore.h">
      <Filter>Header Files</Filter>
    </ClInclude>
    <ClInclude Include="ClnUtils.h">
      <Filter>Header Files</Filter>
    </ClInclude>
    <ClInclude Include="JuliusToolNativeWrapper.h">
      <Filter>Header Files</Filter>
    </ClInclude>
    <ClInclude Include="SpeechProcessing.h">
      <Filter>Header Files</Filter>
    </ClInclude>
    <ClInclude Include="PhoneAlignment.h">
      <Filter>Header Files</Filter>
    </ClInclude>
    <ClInclude Include="WavUtils.h">
      <Filter>Header Files</Filter>
    </ClInclude>
    <ClInclude Include="InteropPython.h">
      <Filter>Header Files</Filter>
    </ClInclude>
    <ClInclude Include="CoreUtils.h">
      <Filter>Header Files</Filter>
    </ClInclude>
    <ClInclude Include="StringUtils.h">
      <Filter>Header Files</Filter>
    </ClInclude>
    <ClInclude Include="SpeechAnnotation.h">
      <Filter>Header Files</Filter>
    </ClInclude>
    <ClInclude Include="PhoneticService.h">
      <Filter>Header Files</Filter>
    </ClInclude>
    <ClInclude Include="TextProcessing.h">
      <Filter>Header Files</Filter>
    </ClInclude>
    <ClInclude Include="LangStat.h">
      <Filter>Header Files</Filter>
    </ClInclude>
    <ClInclude Include="AudioSpeechDecoder.h">
      <Filter>Header Files</Filter>
    </ClInclude>
    <ClInclude Include="ArpaLanguageModel.h">
      <Filter>Header Files</Filter>
    </ClInclude>
    <ClInclude Include="ComponentsInfrastructure.h">
      <Filter>Header Files</Filter>
    </ClInclude>
    <ClInclude Include="SphinxModel.h">
      <Filter>Header Files</Filter>
    </ClInclude>
    <ClInclude Include="FlacUtils.h">
      <Filter>Header Files</Filter>
    </ClInclude>
    <ClInclude Include="assertImpl.h">
      <Filter>Header Files</Filter>
    </ClInclude>
    <ClInclude Include="AppHelpers.h">
      <Filter>Header Files</Filter>
    </ClInclude>
    <ClInclude Include="SpeechDataValidation.h">
      <Filter>Header Files</Filter>
    </ClInclude>
    <ClInclude Include="FileHelpers.h">
      <Filter>Header Files</Filter>
    </ClInclude>
    <ClInclude Include="G729If.h">
      <Filter>Header Files</Filter>
    </ClInclude>
    <ClInclude Include="SphinxIf.h">
      <Filter>Header Files</Filter>
    </ClInclude>
    <ClInclude Include="KaldiModel.h">
      <Filter>Header Files</Filter>
    </ClInclude>
  </ItemGroup>
  <ItemGroup>
    <ClCompile Include="dllmain.cpp">
      <Filter>Source Files</Filter>
    </ClCompile>
    <ClCompile Include="XmlAudioMarkup.cpp">
      <Filter>Source Files</Filter>
    </ClCompile>
    <ClCompile Include="JuliusToolNativeWrapper.cpp">
      <Filter>Source Files</Filter>
    </ClCompile>
    <ClCompile Include="PhoneAlignment.cpp">
      <Filter>Source Files</Filter>
    </ClCompile>
    <ClCompile Include="SpeechProcessing.cpp">
      <Filter>Source Files</Filter>
    </ClCompile>
    <ClCompile Include="WavUtils.cpp">
      <Filter>Source Files</Filter>
    </ClCompile>
    <ClCompile Include="InteropPython.cpp">
      <Filter>Source Files</Filter>
    </ClCompile>
    <ClCompile Include="CoreUtils.cpp">
      <Filter>Source Files</Filter>
    </ClCompile>
    <ClCompile Include="ClnUtils.cpp">
      <Filter>Source Files</Filter>
    </ClCompile>
    <ClCompile Include="SpeechAnnotation.cpp">
      <Filter>Source Files</Filter>
    </ClCompile>
    <ClCompile Include="PhoneticService.cpp">
      <Filter>Source Files</Filter>
    </ClCompile>
    <ClCompile Include="TextProcessing.cpp">
      <Filter>Source Files</Filter>
    </ClCompile>
    <ClCompile Include="LangStat.cpp">
      <Filter>Source Files</Filter>
    </ClCompile>
    <ClCompile Include="TextProcessingSerializationXml.cpp">
      <Filter>Source Files</Filter>
    </ClCompile>
    <ClCompile Include="AudioSpeechDecoder.cpp">
      <Filter>Source Files</Filter>
    </ClCompile>
    <ClCompile Include="ArpaLanguageModel.cpp">
      <Filter>Source Files</Filter>
    </ClCompile>
    <ClCompile Include="PhoneticStress.cpp">
      <Filter>Source Files</Filter>
    </ClCompile>
    <ClCompile Include="PhoneticSerializationXml.cpp">
      <Filter>Source Files</Filter>
    </ClCompile>
    <ClCompile Include="SphinxModel.cpp">
      <Filter>Source Files</Filter>
    </ClCompile>
    <ClCompile Include="FlacUtils.cpp">
      <Filter>Source Files</Filter>
    </ClCompile>
    <ClCompile Include="AppHelpers.cpp">
      <Filter>Source Files</Filter>
    </ClCompile>
    <ClCompile Include="SpeechDataValidation.cpp">
      <Filter>Source Files</Filter>
    </ClCompile>
    <ClCompile Include="FileHelpers.cpp">
      <Filter>Source Files</Filter>
    </ClCompile>
    <ClCompile Include="G729If.cpp">
      <Filter>Source Files</Filter>
    </ClCompile>
    <ClCompile Include="VoiceActivity.cpp">
      <Filter>Source Files</Filter>
    </ClCompile>
    <ClCompile Include="SphinxIf.cpp">
      <Filter>Source Files</Filter>
    </ClCompile>
    <ClCompile Include="KaldiModel.cpp">
      <Filter>Source Files</Filter>
    </ClCompile>
  </ItemGroup>
</Project>