
Microsoft Visual Studio Solution File, Format Version 12.00
# Visual Studio 2013
VisualStudioVersion = 12.0.30723.0
MinimumVisualStudioVersion = 10.0.40219.1
Project("{8BC9CEB8-8B4A-11D0-8D11-00A0C91BC942}") = "TranscriberUI", "..\TranscriberUI\TranscriberUI.vcxproj", "{1C0ED85A-2477-37DB-81CB-12C0072425C0}"
	ProjectSection(ProjectDependencies) = postProject
		{C982AA15-B1EB-431F-978D-84E5BEAB37E2} = {C982AA15-B1EB-431F-978D-84E5BEAB37E2}
	EndProjectSection
EndProject
Project("{2150E333-8FDC-42A3-9474-1A3956D46DE8}") = "build-config", "build-config", "{ACFE19FC-FDD7-4D28-9EC8-AABF269F9514}"
	ProjectSection(SolutionItems) = preProject
		array_view.props = array_view.props
		LibSndFile.props = LibSndFile.props
		PortAudio.props = PortAudio.props
		PticaGovorunCommon.props = PticaGovorunCommon.props
		Qt.props = Qt.props
	EndProjectSection
EndProject
Project("{8BC9CEB8-8B4A-11D0-8D11-00A0C91BC942}") = "PticaGovorunBackend", "..\PticaGovorunBackend\PticaGovorunBackend.vcxproj", "{C982AA15-B1EB-431F-978D-84E5BEAB37E2}"
EndProject
Project("{8BC9CEB8-8B4A-11D0-8D11-00A0C91BC942}") = "PticaGovorunSimpleConsoleClient", "..\PticaGovorunSimpleConsoleClient\PticaGovorunSimpleConsoleClient.vcxproj", "{1893D07B-F318-4E79-BFDE-55FFBD085424}"
	ProjectSection(ProjectDependencies) = postProject
		{C982AA15-B1EB-431F-978D-84E5BEAB37E2} = {C982AA15-B1EB-431F-978D-84E5BEAB37E2}
	EndProjectSection
EndProject
Project("{2150E333-8FDC-42A3-9474-1A3956D46DE8}") = "Solution Items", "Solution Items", "{489A3C98-752D-4ADF-A059-00B02D9D5A77}"
	ProjectSection(SolutionItems) = preProject
		Performance1.psess = Performance1.psess
	EndProjectSection
EndProject
Global
	GlobalSection(SolutionConfigurationPlatforms) = preSolution
		Debug|Mixed Platforms = Debug|Mixed Platforms
		Debug|Win32 = Debug|Win32
		Debug|x64 = Debug|x64
		Release|Mixed Platforms = Release|Mixed Platforms
		Release|Win32 = Release|Win32
		Release|x64 = Release|x64
	EndGlobalSection
	GlobalSection(ProjectConfigurationPlatforms) = postSolution
		{1C0ED85A-2477-37DB-81CB-12C0072425C0}.Debug|Mixed Platforms.ActiveCfg = Debug|Win32
		{1C0ED85A-2477-37DB-81CB-12C0072425C0}.Debug|Mixed Platforms.Build.0 = Debug|Win32
		{1C0ED85A-2477-37DB-81CB-12C0072425C0}.Debug|Win32.ActiveCfg = Debug|Win32
		{1C0ED85A-2477-37DB-81CB-12C0072425C0}.Debug|Win32.Build.0 = Debug|Win32
		{1C0ED85A-2477-37DB-81CB-12C0072425C0}.Debug|x64.ActiveCfg = Debug|x64
		{1C0ED85A-2477-37DB-81CB-12C0072425C0}.Debug|x64.Build.0 = Debug|x64
		{1C0ED85A-2477-37DB-81CB-12C0072425C0}.Release|Mixed Platforms.ActiveCfg = Release|Win32
		{1C0ED85A-2477-37DB-81CB-12C0072425C0}.Release|Mixed Platforms.Build.0 = Release|Win32
		{1C0ED85A-2477-37DB-81CB-12C0072425C0}.Release|Win32.ActiveCfg = Release|Win32
		{1C0ED85A-2477-37DB-81CB-12C0072425C0}.Release|Win32.Build.0 = Release|Win32
		{1C0ED85A-2477-37DB-81CB-12C0072425C0}.Release|x64.ActiveCfg = Release|x64
		{1C0ED85A-2477-37DB-81CB-12C0072425C0}.Release|x64.Build.0 = Release|x64
		{C982AA15-B1EB-431F-978D-84E5BEAB37E2}.Debug|Mixed Platforms.ActiveCfg = Debug|Win32
		{C982AA15-B1EB-431F-978D-84E5BEAB37E2}.Debug|Mixed Platforms.Build.0 = Debug|Win32
		{C982AA15-B1EB-431F-978D-84E5BEAB37E2}.Debug|Win32.ActiveCfg = Debug|Win32
		{C982AA15-B1EB-431F-978D-84E5BEAB37E2}.Debug|Win32.Build.0 = Debug|Win32
		{C982AA15-B1EB-431F-978D-84E5BEAB37E2}.Debug|x64.ActiveCfg = Debug|x64
		{C982AA15-B1EB-431F-978D-84E5BEAB37E2}.Debug|x64.Build.0 = Debug|x64
		{C982AA15-B1EB-431F-978D-84E5BEAB37E2}.Release|Mixed Platforms.ActiveCfg = Release|Win32
		{C982AA15-B1EB-431F-978D-84E5BEAB37E2}.Release|Mixed Platforms.Build.0 = Release|Win32
		{C982AA15-B1EB-431F-978D-84E5BEAB37E2}.Release|Win32.ActiveCfg = Release|Win32
		{C982AA15-B1EB-431F-978D-84E5BEAB37E2}.Release|Win32.Build.0 = Release|Win32
		{C982AA15-B1EB-431F-978D-84E5BEAB37E2}.Release|x64.ActiveCfg = Release|x64
		{C982AA15-B1EB-431F-978D-84E5BEAB37E2}.Release|x64.Build.0 = Release|x64
		{1893D07B-F318-4E79-BFDE-55FFBD085424}.Debug|Mixed Platforms.ActiveCfg = Debug|Win32
		{1893D07B-F318-4E79-BFDE-55FFBD085424}.Debug|Mixed Platforms.Build.0 = Debug|Win32
		{1893D07B-F318-4E79-BFDE-55FFBD085424}.Debug|Win32.ActiveCfg = Debug|Win32
		{1893D07B-F318-4E79-BFDE-55FFBD085424}.Debug|Win32.Build.0 = Debug|Win32
		{1893D07B-F318-4E79-BFDE-55FFBD085424}.Debug|x64.ActiveCfg = Debug|x64
		{1893D07B-F318-4E79-BFDE-55FFBD085424}.Debug|x64.Build.0 = Debug|x64
		{1893D07B-F318-4E79-BFDE-55FFBD085424}.Release|Mixed Platforms.ActiveCfg = Release|Win32
		{1893D07B-F318-4E79-BFDE-55FFBD085424}.Release|Mixed Platforms.Build.0 = Release|Win32
		{1893D07B-F318-4E79-BFDE-55FFBD085424}.Release|Win32.ActiveCfg = Release|Win32
		{1893D07B-F318-4E79-BFDE-55FFBD085424}.Release|Win32.Build.0 = Release|Win32
		{1893D07B-F318-4E79-BFDE-55FFBD085424}.Release|x64.ActiveCfg = Release|x64
		{1893D07B-F318-4E79-BFDE-55FFBD085424}.Release|x64.Build.0 = Release|x64
	EndGlobalSection
	GlobalSection(SolutionProperties) = preSolution
		HideSolutionNode = FALSE
	EndGlobalSection
	GlobalSection(Performance) = preSolution
		HasPerformanceSessions = true
	EndGlobalSection
EndGlobal
